// !$*UTF8*$!
{
	archiveVersion = 1;
	classes = {
	};
	objectVersion = 46;
	objects = {

/* Begin PBXBuildFile section */
		4C1115831EFB9CF000A7C063 /* VideoTableViewCell.m in Sources */ = {isa = PBXBuildFile; fileRef = 4C1115821EFB9CF000A7C063 /* VideoTableViewCell.m */; };
		4C1115861EFBA98500A7C063 /* MSAlert.m in Sources */ = {isa = PBXBuildFile; fileRef = 4C1115851EFBA98500A7C063 /* MSAlert.m */; };
		4C1CD8531F0223E300F89090 /* close@2x.png in Resources */ = {isa = PBXBuildFile; fileRef = 4C1CD8491F0223E300F89090 /* close@2x.png */; };
		4C1CD8541F0223E300F89090 /* close@3x.png in Resources */ = {isa = PBXBuildFile; fileRef = 4C1CD84A1F0223E300F89090 /* close@3x.png */; };
		4C1CD8551F0223E300F89090 /* fullscreen@2x.png in Resources */ = {isa = PBXBuildFile; fileRef = 4C1CD84B1F0223E300F89090 /* fullscreen@2x.png */; };
		4C1CD8561F0223E300F89090 /* fullscreen@3x.png in Resources */ = {isa = PBXBuildFile; fileRef = 4C1CD84C1F0223E300F89090 /* fullscreen@3x.png */; };
		4C1CD8571F0223E300F89090 /* pause@2x.png in Resources */ = {isa = PBXBuildFile; fileRef = 4C1CD84D1F0223E300F89090 /* pause@2x.png */; };
		4C1CD8581F0223E300F89090 /* pause@3x.png in Resources */ = {isa = PBXBuildFile; fileRef = 4C1CD84E1F0223E300F89090 /* pause@3x.png */; };
		4C1CD8591F0223E300F89090 /* play@2x.png in Resources */ = {isa = PBXBuildFile; fileRef = 4C1CD84F1F0223E300F89090 /* play@2x.png */; };
		4C1CD85A1F0223E300F89090 /* play@3x.png in Resources */ = {isa = PBXBuildFile; fileRef = 4C1CD8501F0223E300F89090 /* play@3x.png */; };
		4C1CD85B1F0223E300F89090 /* slider@2x.png in Resources */ = {isa = PBXBuildFile; fileRef = 4C1CD8511F0223E300F89090 /* slider@2x.png */; };
		4C1CD85C1F0223E300F89090 /* slider@3x.png in Resources */ = {isa = PBXBuildFile; fileRef = 4C1CD8521F0223E300F89090 /* slider@3x.png */; };
		4C1CD8641F022BC800F89090 /* GTMBase64.m in Sources */ = {isa = PBXBuildFile; fileRef = 4C1CD8601F022BC800F89090 /* GTMBase64.m */; };
		4C2B813B1F01084300700F53 /* MSPlayerPanGestureRecognizer.m in Sources */ = {isa = PBXBuildFile; fileRef = 4C2B813A1F01084300700F53 /* MSPlayerPanGestureRecognizer.m */; };
		4C339EA91EFB625200080BE3 /* MobileVLCKit.framework in Frameworks */ = {isa = PBXBuildFile; fileRef = 4C339EA81EFB625200080BE3 /* MobileVLCKit.framework */; };
		4C339EAB1EFB625200080BE3 /* libbz2.1.0.tbd in Frameworks */ = {isa = PBXBuildFile; fileRef = 4C339EAA1EFB625200080BE3 /* libbz2.1.0.tbd */; };
		4C339EAD1EFB626200080BE3 /* libz.1.tbd in Frameworks */ = {isa = PBXBuildFile; fileRef = 4C339EAC1EFB626200080BE3 /* libz.1.tbd */; };
		4C339EAF1EFB626F00080BE3 /* libc++.1.tbd in Frameworks */ = {isa = PBXBuildFile; fileRef = 4C339EAE1EFB626F00080BE3 /* libc++.1.tbd */; };
		4C339EB11EFB627C00080BE3 /* libiconv.2.tbd in Frameworks */ = {isa = PBXBuildFile; fileRef = 4C339EB01EFB627C00080BE3 /* libiconv.2.tbd */; };
		4C339EB31EFB628600080BE3 /* libstdc++.6.0.9.tbd in Frameworks */ = {isa = PBXBuildFile; fileRef = 4C339EB21EFB628600080BE3 /* libstdc++.6.0.9.tbd */; };
		4C339EB41EFB631F00080BE3 /* AVFoundation.framework in Frameworks */ = {isa = PBXBuildFile; fileRef = 4CCFFB721EFA6E9F00D4C86C /* AVFoundation.framework */; };
		4C339EB61EFB632B00080BE3 /* CoreAudio.framework in Frameworks */ = {isa = PBXBuildFile; fileRef = 4C339EB51EFB632B00080BE3 /* CoreAudio.framework */; };
		4C339EB81EFB633400080BE3 /* CoreVideo.framework in Frameworks */ = {isa = PBXBuildFile; fileRef = 4C339EB71EFB633400080BE3 /* CoreVideo.framework */; };
		4C339EBA1EFB633B00080BE3 /* CoreMedia.framework in Frameworks */ = {isa = PBXBuildFile; fileRef = 4C339EB91EFB633B00080BE3 /* CoreMedia.framework */; };
		4C339EBC1EFB634300080BE3 /* VideoToolbox.framework in Frameworks */ = {isa = PBXBuildFile; fileRef = 4C339EBB1EFB634300080BE3 /* VideoToolbox.framework */; };
		4C339EBE1EFB634B00080BE3 /* AudioToolbox.framework in Frameworks */ = {isa = PBXBuildFile; fileRef = 4C339EBD1EFB634B00080BE3 /* AudioToolbox.framework */; };
		4C3F12301E7B73F500C5602F /* PictureCollectionViewCell.m in Sources */ = {isa = PBXBuildFile; fileRef = 4C3F122F1E7B73F500C5602F /* PictureCollectionViewCell.m */; };
		4C3F125A1E7B7E0700C5602F /* HUPhotoBrowser.m in Sources */ = {isa = PBXBuildFile; fileRef = 4C3F12341E7B7E0700C5602F /* HUPhotoBrowser.m */; };
		4C3F125B1E7B7E0700C5602F /* HUPhotoBrowserCell.m in Sources */ = {isa = PBXBuildFile; fileRef = 4C3F12361E7B7E0700C5602F /* HUPhotoBrowserCell.m */; };
		4C3F125C1E7B7E0800C5602F /* HUAlbum.m in Sources */ = {isa = PBXBuildFile; fileRef = 4C3F12391E7B7E0700C5602F /* HUAlbum.m */; };
		4C3F125D1E7B7E0800C5602F /* HUAlbumCell.m in Sources */ = {isa = PBXBuildFile; fileRef = 4C3F123B1E7B7E0700C5602F /* HUAlbumCell.m */; };
		4C3F125E1E7B7E0800C5602F /* HUAlbumCell.xib in Resources */ = {isa = PBXBuildFile; fileRef = 4C3F123C1E7B7E0700C5602F /* HUAlbumCell.xib */; };
		4C3F125F1E7B7E0800C5602F /* HUAlbumsViewController.m in Sources */ = {isa = PBXBuildFile; fileRef = 4C3F123E1E7B7E0700C5602F /* HUAlbumsViewController.m */; };
		4C3F12601E7B7E0800C5602F /* HUImageItem.m in Sources */ = {isa = PBXBuildFile; fileRef = 4C3F12401E7B7E0700C5602F /* HUImageItem.m */; };
		4C3F12611E7B7E0800C5602F /* HUImagePickerCell.m in Sources */ = {isa = PBXBuildFile; fileRef = 4C3F12421E7B7E0700C5602F /* HUImagePickerCell.m */; };
		4C3F12621E7B7E0800C5602F /* HUImagePickerCell.xib in Resources */ = {isa = PBXBuildFile; fileRef = 4C3F12431E7B7E0700C5602F /* HUImagePickerCell.xib */; };
		4C3F12631E7B7E0800C5602F /* HUImagePickerRootViewController.m in Sources */ = {isa = PBXBuildFile; fileRef = 4C3F12451E7B7E0700C5602F /* HUImagePickerRootViewController.m */; };
		4C3F12641E7B7E0800C5602F /* HUImagePickerViewController.m in Sources */ = {isa = PBXBuildFile; fileRef = 4C3F12471E7B7E0700C5602F /* HUImagePickerViewController.m */; };
		4C3F12651E7B7E0800C5602F /* HUPhotoHelper.m in Sources */ = {isa = PBXBuildFile; fileRef = 4C3F12491E7B7E0700C5602F /* HUPhotoHelper.m */; };
		4C3F12661E7B7E0800C5602F /* pick_checked@2x.png in Resources */ = {isa = PBXBuildFile; fileRef = 4C3F124A1E7B7E0700C5602F /* pick_checked@2x.png */; };
		4C3F12671E7B7E0800C5602F /* pick_checked@3x.png in Resources */ = {isa = PBXBuildFile; fileRef = 4C3F124B1E7B7E0700C5602F /* pick_checked@3x.png */; };
		4C3F12681E7B7E0800C5602F /* HUToast.m in Sources */ = {isa = PBXBuildFile; fileRef = 4C3F124D1E7B7E0700C5602F /* HUToast.m */; };
		4C3F12691E7B7E0800C5602F /* HUWebImageDownloader.m in Sources */ = {isa = PBXBuildFile; fileRef = 4C3F12511E7B7E0700C5602F /* HUWebImageDownloader.m */; };
		4C3F126A1E7B7E0800C5602F /* HUWebImageDownloadOperation.m in Sources */ = {isa = PBXBuildFile; fileRef = 4C3F12531E7B7E0700C5602F /* HUWebImageDownloadOperation.m */; };
		4C3F126B1E7B7E0800C5602F /* UIImage+HUExtension.m in Sources */ = {isa = PBXBuildFile; fileRef = 4C3F12551E7B7E0700C5602F /* UIImage+HUExtension.m */; };
		4C3F126C1E7B7E0800C5602F /* UIImageView+HUWebImage.m in Sources */ = {isa = PBXBuildFile; fileRef = 4C3F12571E7B7E0700C5602F /* UIImageView+HUWebImage.m */; };
		4C3F126D1E7B7E0800C5602F /* UIView+frame.m in Sources */ = {isa = PBXBuildFile; fileRef = 4C3F12591E7B7E0700C5602F /* UIView+frame.m */; };
		4C3F12761E7B8B7A00C5602F /* CollectionViewLayout.m in Sources */ = {isa = PBXBuildFile; fileRef = 4C3F12751E7B8B7A00C5602F /* CollectionViewLayout.m */; };
		4C3F12A91E7BBAF000C5602F /* AJGradientView.m in Sources */ = {isa = PBXBuildFile; fileRef = 4C3F12791E7BBAF000C5602F /* AJGradientView.m */; };
		4C3F12AA1E7BBAF000C5602F /* AJPhotoGroupCell.m in Sources */ = {isa = PBXBuildFile; fileRef = 4C3F127B1E7BBAF000C5602F /* AJPhotoGroupCell.m */; };
		4C3F12AB1E7BBAF000C5602F /* AJPhotoGroupView.m in Sources */ = {isa = PBXBuildFile; fileRef = 4C3F127D1E7BBAF000C5602F /* AJPhotoGroupView.m */; };
		4C3F12AC1E7BBAF000C5602F /* AJPhotoListCell.m in Sources */ = {isa = PBXBuildFile; fileRef = 4C3F127F1E7BBAF000C5602F /* AJPhotoListCell.m */; };
		4C3F12AD1E7BBAF000C5602F /* AJPhotoListCellTapView.m in Sources */ = {isa = PBXBuildFile; fileRef = 4C3F12811E7BBAF000C5602F /* AJPhotoListCellTapView.m */; };
		4C3F12AE1E7BBAF000C5602F /* AJPhotoListView.m in Sources */ = {isa = PBXBuildFile; fileRef = 4C3F12831E7BBAF000C5602F /* AJPhotoListView.m */; };
		4C3F12AF1E7BBAF000C5602F /* AJPhotoPickerViewController.m in Sources */ = {isa = PBXBuildFile; fileRef = 4C3F12851E7BBAF000C5602F /* AJPhotoPickerViewController.m */; };
		4C3F12B01E7BBAF000C5602F /* BoPhotoPicker.bundle in Resources */ = {isa = PBXBuildFile; fileRef = 4C3F12861E7BBAF000C5602F /* BoPhotoPicker.bundle */; };
		4C3F12B11E7BBAF000C5602F /* AJPhotoBrowserViewController.m in Sources */ = {isa = PBXBuildFile; fileRef = 4C3F128A1E7BBAF000C5602F /* AJPhotoBrowserViewController.m */; };
		4C3F12B21E7BBAF000C5602F /* AJPhotoTapDetectingImageView.m in Sources */ = {isa = PBXBuildFile; fileRef = 4C3F128C1E7BBAF000C5602F /* AJPhotoTapDetectingImageView.m */; };
		4C3F12B31E7BBAF000C5602F /* AJPhotoZoomingScrollView.m in Sources */ = {isa = PBXBuildFile; fileRef = 4C3F128E1E7BBAF000C5602F /* AJPhotoZoomingScrollView.m */; };
		4C3F12B41E7BBAF000C5602F /* AJTapDetectingView.m in Sources */ = {isa = PBXBuildFile; fileRef = 4C3F12901E7BBAF000C5602F /* AJTapDetectingView.m */; };
		4C3F12B51E7BBAF000C5602F /* MASCompositeConstraint.m in Sources */ = {isa = PBXBuildFile; fileRef = 4C3F12931E7BBAF000C5602F /* MASCompositeConstraint.m */; };
		4C3F12B61E7BBAF000C5602F /* MASConstraint.m in Sources */ = {isa = PBXBuildFile; fileRef = 4C3F12961E7BBAF000C5602F /* MASConstraint.m */; };
		4C3F12B71E7BBAF000C5602F /* MASConstraintMaker.m in Sources */ = {isa = PBXBuildFile; fileRef = 4C3F12981E7BBAF000C5602F /* MASConstraintMaker.m */; };
		4C3F12B81E7BBAF000C5602F /* MASLayoutConstraint.m in Sources */ = {isa = PBXBuildFile; fileRef = 4C3F129A1E7BBAF000C5602F /* MASLayoutConstraint.m */; };
		4C3F12B91E7BBAF000C5602F /* MASViewAttribute.m in Sources */ = {isa = PBXBuildFile; fileRef = 4C3F129E1E7BBAF000C5602F /* MASViewAttribute.m */; };
		4C3F12BA1E7BBAF000C5602F /* MASViewConstraint.m in Sources */ = {isa = PBXBuildFile; fileRef = 4C3F12A01E7BBAF000C5602F /* MASViewConstraint.m */; };
		4C3F12BB1E7BBAF000C5602F /* NSArray+MASAdditions.m in Sources */ = {isa = PBXBuildFile; fileRef = 4C3F12A21E7BBAF000C5602F /* NSArray+MASAdditions.m */; };
		4C3F12BC1E7BBAF000C5602F /* NSLayoutConstraint+MASDebugAdditions.m in Sources */ = {isa = PBXBuildFile; fileRef = 4C3F12A51E7BBAF000C5602F /* NSLayoutConstraint+MASDebugAdditions.m */; };
		4C3F12BD1E7BBAF000C5602F /* View+MASAdditions.m in Sources */ = {isa = PBXBuildFile; fileRef = 4C3F12A71E7BBAF000C5602F /* View+MASAdditions.m */; };
		4C3F12C41E7BC59600C5602F /* FingerprintViewController.m in Sources */ = {isa = PBXBuildFile; fileRef = 4C3F12C31E7BC59600C5602F /* FingerprintViewController.m */; };
		4C77473C1EFCC2DC00D4E0A2 /* MineViewController.m in Sources */ = {isa = PBXBuildFile; fileRef = 4C77473B1EFCC2DC00D4E0A2 /* MineViewController.m */; };
		4CB655351F00B46900EA829C /* MSPlayer.m in Sources */ = {isa = PBXBuildFile; fileRef = 4CB655341F00B46900EA829C /* MSPlayer.m */; };
		4CB655381F00CF9B00EA829C /* MSPlayerControlView.m in Sources */ = {isa = PBXBuildFile; fileRef = 4CB655371F00CF9B00EA829C /* MSPlayerControlView.m */; };
		4CB6553A1F00DAC600EA829C /* MSPlayerControlView.xib in Resources */ = {isa = PBXBuildFile; fileRef = 4CB655391F00DAC600EA829C /* MSPlayerControlView.xib */; };
		4CCFFB101EFA5D0D00D4C86C /* VideoViewController.m in Sources */ = {isa = PBXBuildFile; fileRef = 4CCFFB0F1EFA5D0D00D4C86C /* VideoViewController.m */; };
		4CCFFB6F1EFA6E4F00D4C86C /* MediaPlayer.framework in Frameworks */ = {isa = PBXBuildFile; fileRef = 4CCFFB6E1EFA6E4F00D4C86C /* MediaPlayer.framework */; };
		4CE8147C1E7A90EC0044432D /* main.m in Sources */ = {isa = PBXBuildFile; fileRef = 4CE8147B1E7A90EC0044432D /* main.m */; };
		4CE8147F1E7A90EC0044432D /* AppDelegate.m in Sources */ = {isa = PBXBuildFile; fileRef = 4CE8147E1E7A90EC0044432D /* AppDelegate.m */; };
		4CE814821E7A90EC0044432D /* PictureViewController.m in Sources */ = {isa = PBXBuildFile; fileRef = 4CE814811E7A90EC0044432D /* PictureViewController.m */; };
		4CE814851E7A90EC0044432D /* Main.storyboard in Resources */ = {isa = PBXBuildFile; fileRef = 4CE814831E7A90EC0044432D /* Main.storyboard */; };
		4CE814871E7A90EC0044432D /* Assets.xcassets in Resources */ = {isa = PBXBuildFile; fileRef = 4CE814861E7A90EC0044432D /* Assets.xcassets */; };
		4CE8148A1E7A90EC0044432D /* LaunchScreen.storyboard in Resources */ = {isa = PBXBuildFile; fileRef = 4CE814881E7A90EC0044432D /* LaunchScreen.storyboard */; };
		4CE814951E7A90EC0044432D /* VideoAndPicTests.m in Sources */ = {isa = PBXBuildFile; fileRef = 4CE814941E7A90EC0044432D /* VideoAndPicTests.m */; };
		4CE814A01E7A90EC0044432D /* VideoAndPicUITests.m in Sources */ = {isa = PBXBuildFile; fileRef = 4CE8149F1E7A90EC0044432D /* VideoAndPicUITests.m */; };
/* End PBXBuildFile section */

/* Begin PBXContainerItemProxy section */
		4CE814911E7A90EC0044432D /* PBXContainerItemProxy */ = {
			isa = PBXContainerItemProxy;
			containerPortal = 4CE8146F1E7A90EC0044432D /* Project object */;
			proxyType = 1;
			remoteGlobalIDString = 4CE814761E7A90EC0044432D;
			remoteInfo = VideoAndPic;
		};
		4CE8149C1E7A90EC0044432D /* PBXContainerItemProxy */ = {
			isa = PBXContainerItemProxy;
			containerPortal = 4CE8146F1E7A90EC0044432D /* Project object */;
			proxyType = 1;
			remoteGlobalIDString = 4CE814761E7A90EC0044432D;
			remoteInfo = VideoAndPic;
		};
/* End PBXContainerItemProxy section */

/* Begin PBXFileReference section */
		4C1115811EFB9CF000A7C063 /* VideoTableViewCell.h */ = {isa = PBXFileReference; fileEncoding = 4; lastKnownFileType = sourcecode.c.h; path = VideoTableViewCell.h; sourceTree = "<group>"; };
		4C1115821EFB9CF000A7C063 /* VideoTableViewCell.m */ = {isa = PBXFileReference; fileEncoding = 4; lastKnownFileType = sourcecode.c.objc; path = VideoTableViewCell.m; sourceTree = "<group>"; };
		4C1115841EFBA98500A7C063 /* MSAlert.h */ = {isa = PBXFileReference; fileEncoding = 4; lastKnownFileType = sourcecode.c.h; path = MSAlert.h; sourceTree = "<group>"; };
		4C1115851EFBA98500A7C063 /* MSAlert.m */ = {isa = PBXFileReference; fileEncoding = 4; lastKnownFileType = sourcecode.c.objc; path = MSAlert.m; sourceTree = "<group>"; };
		4C1CD8491F0223E300F89090 /* close@2x.png */ = {isa = PBXFileReference; lastKnownFileType = image.png; path = "close@2x.png"; sourceTree = "<group>"; };
		4C1CD84A1F0223E300F89090 /* close@3x.png */ = {isa = PBXFileReference; lastKnownFileType = image.png; path = "close@3x.png"; sourceTree = "<group>"; };
		4C1CD84B1F0223E300F89090 /* fullscreen@2x.png */ = {isa = PBXFileReference; lastKnownFileType = image.png; path = "fullscreen@2x.png"; sourceTree = "<group>"; };
		4C1CD84C1F0223E300F89090 /* fullscreen@3x.png */ = {isa = PBXFileReference; lastKnownFileType = image.png; path = "fullscreen@3x.png"; sourceTree = "<group>"; };
		4C1CD84D1F0223E300F89090 /* pause@2x.png */ = {isa = PBXFileReference; lastKnownFileType = image.png; path = "pause@2x.png"; sourceTree = "<group>"; };
		4C1CD84E1F0223E300F89090 /* pause@3x.png */ = {isa = PBXFileReference; lastKnownFileType = image.png; path = "pause@3x.png"; sourceTree = "<group>"; };
		4C1CD84F1F0223E300F89090 /* play@2x.png */ = {isa = PBXFileReference; lastKnownFileType = image.png; path = "play@2x.png"; sourceTree = "<group>"; };
		4C1CD8501F0223E300F89090 /* play@3x.png */ = {isa = PBXFileReference; lastKnownFileType = image.png; path = "play@3x.png"; sourceTree = "<group>"; };
		4C1CD8511F0223E300F89090 /* slider@2x.png */ = {isa = PBXFileReference; lastKnownFileType = image.png; path = "slider@2x.png"; sourceTree = "<group>"; };
		4C1CD8521F0223E300F89090 /* slider@3x.png */ = {isa = PBXFileReference; lastKnownFileType = image.png; path = "slider@3x.png"; sourceTree = "<group>"; };
		4C1CD85F1F022BC800F89090 /* GTMBase64.h */ = {isa = PBXFileReference; fileEncoding = 4; lastKnownFileType = sourcecode.c.h; path = GTMBase64.h; sourceTree = "<group>"; };
		4C1CD8601F022BC800F89090 /* GTMBase64.m */ = {isa = PBXFileReference; fileEncoding = 4; lastKnownFileType = sourcecode.c.objc; path = GTMBase64.m; sourceTree = "<group>"; };
		4C1CD8611F022BC800F89090 /* GTMDefines.h */ = {isa = PBXFileReference; fileEncoding = 4; lastKnownFileType = sourcecode.c.h; path = GTMDefines.h; sourceTree = "<group>"; };
		4C2B81391F01084300700F53 /* MSPlayerPanGestureRecognizer.h */ = {isa = PBXFileReference; fileEncoding = 4; lastKnownFileType = sourcecode.c.h; path = MSPlayerPanGestureRecognizer.h; sourceTree = "<group>"; };
		4C2B813A1F01084300700F53 /* MSPlayerPanGestureRecognizer.m */ = {isa = PBXFileReference; fileEncoding = 4; lastKnownFileType = sourcecode.c.objc; path = MSPlayerPanGestureRecognizer.m; sourceTree = "<group>"; };
		4C339EA81EFB625200080BE3 /* MobileVLCKit.framework */ = {isa = PBXFileReference; lastKnownFileType = wrapper.framework; path = MobileVLCKit.framework; sourceTree = "<group>"; };
		4C339EAA1EFB625200080BE3 /* libbz2.1.0.tbd */ = {isa = PBXFileReference; lastKnownFileType = "sourcecode.text-based-dylib-definition"; name = libbz2.1.0.tbd; path = usr/lib/libbz2.1.0.tbd; sourceTree = SDKROOT; };
		4C339EAC1EFB626200080BE3 /* libz.1.tbd */ = {isa = PBXFileReference; lastKnownFileType = "sourcecode.text-based-dylib-definition"; name = libz.1.tbd; path = usr/lib/libz.1.tbd; sourceTree = SDKROOT; };
		4C339EAE1EFB626F00080BE3 /* libc++.1.tbd */ = {isa = PBXFileReference; lastKnownFileType = "sourcecode.text-based-dylib-definition"; name = "libc++.1.tbd"; path = "usr/lib/libc++.1.tbd"; sourceTree = SDKROOT; };
		4C339EB01EFB627C00080BE3 /* libiconv.2.tbd */ = {isa = PBXFileReference; lastKnownFileType = "sourcecode.text-based-dylib-definition"; name = libiconv.2.tbd; path = usr/lib/libiconv.2.tbd; sourceTree = SDKROOT; };
		4C339EB21EFB628600080BE3 /* libstdc++.6.0.9.tbd */ = {isa = PBXFileReference; lastKnownFileType = "sourcecode.text-based-dylib-definition"; name = "libstdc++.6.0.9.tbd"; path = "usr/lib/libstdc++.6.0.9.tbd"; sourceTree = SDKROOT; };
		4C339EB51EFB632B00080BE3 /* CoreAudio.framework */ = {isa = PBXFileReference; lastKnownFileType = wrapper.framework; name = CoreAudio.framework; path = System/Library/Frameworks/CoreAudio.framework; sourceTree = SDKROOT; };
		4C339EB71EFB633400080BE3 /* CoreVideo.framework */ = {isa = PBXFileReference; lastKnownFileType = wrapper.framework; name = CoreVideo.framework; path = System/Library/Frameworks/CoreVideo.framework; sourceTree = SDKROOT; };
		4C339EB91EFB633B00080BE3 /* CoreMedia.framework */ = {isa = PBXFileReference; lastKnownFileType = wrapper.framework; name = CoreMedia.framework; path = System/Library/Frameworks/CoreMedia.framework; sourceTree = SDKROOT; };
		4C339EBB1EFB634300080BE3 /* VideoToolbox.framework */ = {isa = PBXFileReference; lastKnownFileType = wrapper.framework; name = VideoToolbox.framework; path = System/Library/Frameworks/VideoToolbox.framework; sourceTree = SDKROOT; };
		4C339EBD1EFB634B00080BE3 /* AudioToolbox.framework */ = {isa = PBXFileReference; lastKnownFileType = wrapper.framework; name = AudioToolbox.framework; path = System/Library/Frameworks/AudioToolbox.framework; sourceTree = SDKROOT; };
		4C3F122E1E7B73F500C5602F /* PictureCollectionViewCell.h */ = {isa = PBXFileReference; fileEncoding = 4; lastKnownFileType = sourcecode.c.h; path = PictureCollectionViewCell.h; sourceTree = "<group>"; };
		4C3F122F1E7B73F500C5602F /* PictureCollectionViewCell.m */ = {isa = PBXFileReference; fileEncoding = 4; lastKnownFileType = sourcecode.c.objc; path = PictureCollectionViewCell.m; sourceTree = "<group>"; };
		4C3F12321E7B7E0700C5602F /* hu_const.h */ = {isa = PBXFileReference; fileEncoding = 4; lastKnownFileType = sourcecode.c.h; path = hu_const.h; sourceTree = "<group>"; };
		4C3F12331E7B7E0700C5602F /* HUPhotoBrowser.h */ = {isa = PBXFileReference; fileEncoding = 4; lastKnownFileType = sourcecode.c.h; path = HUPhotoBrowser.h; sourceTree = "<group>"; };
		4C3F12341E7B7E0700C5602F /* HUPhotoBrowser.m */ = {isa = PBXFileReference; fileEncoding = 4; lastKnownFileType = sourcecode.c.objc; path = HUPhotoBrowser.m; sourceTree = "<group>"; };
		4C3F12351E7B7E0700C5602F /* HUPhotoBrowserCell.h */ = {isa = PBXFileReference; fileEncoding = 4; lastKnownFileType = sourcecode.c.h; path = HUPhotoBrowserCell.h; sourceTree = "<group>"; };
		4C3F12361E7B7E0700C5602F /* HUPhotoBrowserCell.m */ = {isa = PBXFileReference; fileEncoding = 4; lastKnownFileType = sourcecode.c.objc; path = HUPhotoBrowserCell.m; sourceTree = "<group>"; };
		4C3F12381E7B7E0700C5602F /* HUAlbum.h */ = {isa = PBXFileReference; fileEncoding = 4; lastKnownFileType = sourcecode.c.h; path = HUAlbum.h; sourceTree = "<group>"; };
		4C3F12391E7B7E0700C5602F /* HUAlbum.m */ = {isa = PBXFileReference; fileEncoding = 4; lastKnownFileType = sourcecode.c.objc; path = HUAlbum.m; sourceTree = "<group>"; };
		4C3F123A1E7B7E0700C5602F /* HUAlbumCell.h */ = {isa = PBXFileReference; fileEncoding = 4; lastKnownFileType = sourcecode.c.h; path = HUAlbumCell.h; sourceTree = "<group>"; };
		4C3F123B1E7B7E0700C5602F /* HUAlbumCell.m */ = {isa = PBXFileReference; fileEncoding = 4; lastKnownFileType = sourcecode.c.objc; path = HUAlbumCell.m; sourceTree = "<group>"; };
		4C3F123C1E7B7E0700C5602F /* HUAlbumCell.xib */ = {isa = PBXFileReference; fileEncoding = 4; lastKnownFileType = file.xib; path = HUAlbumCell.xib; sourceTree = "<group>"; };
		4C3F123D1E7B7E0700C5602F /* HUAlbumsViewController.h */ = {isa = PBXFileReference; fileEncoding = 4; lastKnownFileType = sourcecode.c.h; path = HUAlbumsViewController.h; sourceTree = "<group>"; };
		4C3F123E1E7B7E0700C5602F /* HUAlbumsViewController.m */ = {isa = PBXFileReference; fileEncoding = 4; lastKnownFileType = sourcecode.c.objc; path = HUAlbumsViewController.m; sourceTree = "<group>"; };
		4C3F123F1E7B7E0700C5602F /* HUImageItem.h */ = {isa = PBXFileReference; fileEncoding = 4; lastKnownFileType = sourcecode.c.h; path = HUImageItem.h; sourceTree = "<group>"; };
		4C3F12401E7B7E0700C5602F /* HUImageItem.m */ = {isa = PBXFileReference; fileEncoding = 4; lastKnownFileType = sourcecode.c.objc; path = HUImageItem.m; sourceTree = "<group>"; };
		4C3F12411E7B7E0700C5602F /* HUImagePickerCell.h */ = {isa = PBXFileReference; fileEncoding = 4; lastKnownFileType = sourcecode.c.h; path = HUImagePickerCell.h; sourceTree = "<group>"; };
		4C3F12421E7B7E0700C5602F /* HUImagePickerCell.m */ = {isa = PBXFileReference; fileEncoding = 4; lastKnownFileType = sourcecode.c.objc; path = HUImagePickerCell.m; sourceTree = "<group>"; };
		4C3F12431E7B7E0700C5602F /* HUImagePickerCell.xib */ = {isa = PBXFileReference; fileEncoding = 4; lastKnownFileType = file.xib; path = HUImagePickerCell.xib; sourceTree = "<group>"; };
		4C3F12441E7B7E0700C5602F /* HUImagePickerRootViewController.h */ = {isa = PBXFileReference; fileEncoding = 4; lastKnownFileType = sourcecode.c.h; path = HUImagePickerRootViewController.h; sourceTree = "<group>"; };
		4C3F12451E7B7E0700C5602F /* HUImagePickerRootViewController.m */ = {isa = PBXFileReference; fileEncoding = 4; lastKnownFileType = sourcecode.c.objc; path = HUImagePickerRootViewController.m; sourceTree = "<group>"; };
		4C3F12461E7B7E0700C5602F /* HUImagePickerViewController.h */ = {isa = PBXFileReference; fileEncoding = 4; lastKnownFileType = sourcecode.c.h; path = HUImagePickerViewController.h; sourceTree = "<group>"; };
		4C3F12471E7B7E0700C5602F /* HUImagePickerViewController.m */ = {isa = PBXFileReference; fileEncoding = 4; lastKnownFileType = sourcecode.c.objc; path = HUImagePickerViewController.m; sourceTree = "<group>"; };
		4C3F12481E7B7E0700C5602F /* HUPhotoHelper.h */ = {isa = PBXFileReference; fileEncoding = 4; lastKnownFileType = sourcecode.c.h; path = HUPhotoHelper.h; sourceTree = "<group>"; };
		4C3F12491E7B7E0700C5602F /* HUPhotoHelper.m */ = {isa = PBXFileReference; fileEncoding = 4; lastKnownFileType = sourcecode.c.objc; path = HUPhotoHelper.m; sourceTree = "<group>"; };
		4C3F124A1E7B7E0700C5602F /* pick_checked@2x.png */ = {isa = PBXFileReference; lastKnownFileType = image.png; path = "pick_checked@2x.png"; sourceTree = "<group>"; };
		4C3F124B1E7B7E0700C5602F /* pick_checked@3x.png */ = {isa = PBXFileReference; lastKnownFileType = image.png; path = "pick_checked@3x.png"; sourceTree = "<group>"; };
		4C3F124C1E7B7E0700C5602F /* HUToast.h */ = {isa = PBXFileReference; fileEncoding = 4; lastKnownFileType = sourcecode.c.h; path = HUToast.h; sourceTree = "<group>"; };
		4C3F124D1E7B7E0700C5602F /* HUToast.m */ = {isa = PBXFileReference; fileEncoding = 4; lastKnownFileType = sourcecode.c.objc; path = HUToast.m; sourceTree = "<group>"; };
		4C3F124F1E7B7E0700C5602F /* HUWebImage.h */ = {isa = PBXFileReference; fileEncoding = 4; lastKnownFileType = sourcecode.c.h; path = HUWebImage.h; sourceTree = "<group>"; };
		4C3F12501E7B7E0700C5602F /* HUWebImageDownloader.h */ = {isa = PBXFileReference; fileEncoding = 4; lastKnownFileType = sourcecode.c.h; path = HUWebImageDownloader.h; sourceTree = "<group>"; };
		4C3F12511E7B7E0700C5602F /* HUWebImageDownloader.m */ = {isa = PBXFileReference; fileEncoding = 4; lastKnownFileType = sourcecode.c.objc; path = HUWebImageDownloader.m; sourceTree = "<group>"; };
		4C3F12521E7B7E0700C5602F /* HUWebImageDownloadOperation.h */ = {isa = PBXFileReference; fileEncoding = 4; lastKnownFileType = sourcecode.c.h; path = HUWebImageDownloadOperation.h; sourceTree = "<group>"; };
		4C3F12531E7B7E0700C5602F /* HUWebImageDownloadOperation.m */ = {isa = PBXFileReference; fileEncoding = 4; lastKnownFileType = sourcecode.c.objc; path = HUWebImageDownloadOperation.m; sourceTree = "<group>"; };
		4C3F12541E7B7E0700C5602F /* UIImage+HUExtension.h */ = {isa = PBXFileReference; fileEncoding = 4; lastKnownFileType = sourcecode.c.h; path = "UIImage+HUExtension.h"; sourceTree = "<group>"; };
		4C3F12551E7B7E0700C5602F /* UIImage+HUExtension.m */ = {isa = PBXFileReference; fileEncoding = 4; lastKnownFileType = sourcecode.c.objc; path = "UIImage+HUExtension.m"; sourceTree = "<group>"; };
		4C3F12561E7B7E0700C5602F /* UIImageView+HUWebImage.h */ = {isa = PBXFileReference; fileEncoding = 4; lastKnownFileType = sourcecode.c.h; path = "UIImageView+HUWebImage.h"; sourceTree = "<group>"; };
		4C3F12571E7B7E0700C5602F /* UIImageView+HUWebImage.m */ = {isa = PBXFileReference; fileEncoding = 4; lastKnownFileType = sourcecode.c.objc; path = "UIImageView+HUWebImage.m"; sourceTree = "<group>"; };
		4C3F12581E7B7E0700C5602F /* UIView+frame.h */ = {isa = PBXFileReference; fileEncoding = 4; lastKnownFileType = sourcecode.c.h; path = "UIView+frame.h"; sourceTree = "<group>"; };
		4C3F12591E7B7E0700C5602F /* UIView+frame.m */ = {isa = PBXFileReference; fileEncoding = 4; lastKnownFileType = sourcecode.c.objc; path = "UIView+frame.m"; sourceTree = "<group>"; };
		4C3F12741E7B8B7A00C5602F /* CollectionViewLayout.h */ = {isa = PBXFileReference; fileEncoding = 4; lastKnownFileType = sourcecode.c.h; path = CollectionViewLayout.h; sourceTree = "<group>"; };
		4C3F12751E7B8B7A00C5602F /* CollectionViewLayout.m */ = {isa = PBXFileReference; fileEncoding = 4; lastKnownFileType = sourcecode.c.objc; path = CollectionViewLayout.m; sourceTree = "<group>"; };
		4C3F12781E7BBAF000C5602F /* AJGradientView.h */ = {isa = PBXFileReference; fileEncoding = 4; lastKnownFileType = sourcecode.c.h; path = AJGradientView.h; sourceTree = "<group>"; };
		4C3F12791E7BBAF000C5602F /* AJGradientView.m */ = {isa = PBXFileReference; fileEncoding = 4; lastKnownFileType = sourcecode.c.objc; path = AJGradientView.m; sourceTree = "<group>"; };
		4C3F127A1E7BBAF000C5602F /* AJPhotoGroupCell.h */ = {isa = PBXFileReference; fileEncoding = 4; lastKnownFileType = sourcecode.c.h; path = AJPhotoGroupCell.h; sourceTree = "<group>"; };
		4C3F127B1E7BBAF000C5602F /* AJPhotoGroupCell.m */ = {isa = PBXFileReference; fileEncoding = 4; lastKnownFileType = sourcecode.c.objc; path = AJPhotoGroupCell.m; sourceTree = "<group>"; };
		4C3F127C1E7BBAF000C5602F /* AJPhotoGroupView.h */ = {isa = PBXFileReference; fileEncoding = 4; lastKnownFileType = sourcecode.c.h; path = AJPhotoGroupView.h; sourceTree = "<group>"; };
		4C3F127D1E7BBAF000C5602F /* AJPhotoGroupView.m */ = {isa = PBXFileReference; fileEncoding = 4; lastKnownFileType = sourcecode.c.objc; path = AJPhotoGroupView.m; sourceTree = "<group>"; };
		4C3F127E1E7BBAF000C5602F /* AJPhotoListCell.h */ = {isa = PBXFileReference; fileEncoding = 4; lastKnownFileType = sourcecode.c.h; path = AJPhotoListCell.h; sourceTree = "<group>"; };
		4C3F127F1E7BBAF000C5602F /* AJPhotoListCell.m */ = {isa = PBXFileReference; fileEncoding = 4; lastKnownFileType = sourcecode.c.objc; path = AJPhotoListCell.m; sourceTree = "<group>"; };
		4C3F12801E7BBAF000C5602F /* AJPhotoListCellTapView.h */ = {isa = PBXFileReference; fileEncoding = 4; lastKnownFileType = sourcecode.c.h; path = AJPhotoListCellTapView.h; sourceTree = "<group>"; };
		4C3F12811E7BBAF000C5602F /* AJPhotoListCellTapView.m */ = {isa = PBXFileReference; fileEncoding = 4; lastKnownFileType = sourcecode.c.objc; path = AJPhotoListCellTapView.m; sourceTree = "<group>"; };
		4C3F12821E7BBAF000C5602F /* AJPhotoListView.h */ = {isa = PBXFileReference; fileEncoding = 4; lastKnownFileType = sourcecode.c.h; path = AJPhotoListView.h; sourceTree = "<group>"; };
		4C3F12831E7BBAF000C5602F /* AJPhotoListView.m */ = {isa = PBXFileReference; fileEncoding = 4; lastKnownFileType = sourcecode.c.objc; path = AJPhotoListView.m; sourceTree = "<group>"; };
		4C3F12841E7BBAF000C5602F /* AJPhotoPickerViewController.h */ = {isa = PBXFileReference; fileEncoding = 4; lastKnownFileType = sourcecode.c.h; path = AJPhotoPickerViewController.h; sourceTree = "<group>"; };
		4C3F12851E7BBAF000C5602F /* AJPhotoPickerViewController.m */ = {isa = PBXFileReference; fileEncoding = 4; lastKnownFileType = sourcecode.c.objc; path = AJPhotoPickerViewController.m; sourceTree = "<group>"; };
		4C3F12861E7BBAF000C5602F /* BoPhotoPicker.bundle */ = {isa = PBXFileReference; lastKnownFileType = "wrapper.plug-in"; path = BoPhotoPicker.bundle; sourceTree = "<group>"; };
		4C3F12891E7BBAF000C5602F /* AJPhotoBrowserViewController.h */ = {isa = PBXFileReference; fileEncoding = 4; lastKnownFileType = sourcecode.c.h; path = AJPhotoBrowserViewController.h; sourceTree = "<group>"; };
		4C3F128A1E7BBAF000C5602F /* AJPhotoBrowserViewController.m */ = {isa = PBXFileReference; fileEncoding = 4; lastKnownFileType = sourcecode.c.objc; path = AJPhotoBrowserViewController.m; sourceTree = "<group>"; };
		4C3F128B1E7BBAF000C5602F /* AJPhotoTapDetectingImageView.h */ = {isa = PBXFileReference; fileEncoding = 4; lastKnownFileType = sourcecode.c.h; path = AJPhotoTapDetectingImageView.h; sourceTree = "<group>"; };
		4C3F128C1E7BBAF000C5602F /* AJPhotoTapDetectingImageView.m */ = {isa = PBXFileReference; fileEncoding = 4; lastKnownFileType = sourcecode.c.objc; path = AJPhotoTapDetectingImageView.m; sourceTree = "<group>"; };
		4C3F128D1E7BBAF000C5602F /* AJPhotoZoomingScrollView.h */ = {isa = PBXFileReference; fileEncoding = 4; lastKnownFileType = sourcecode.c.h; path = AJPhotoZoomingScrollView.h; sourceTree = "<group>"; };
		4C3F128E1E7BBAF000C5602F /* AJPhotoZoomingScrollView.m */ = {isa = PBXFileReference; fileEncoding = 4; lastKnownFileType = sourcecode.c.objc; path = AJPhotoZoomingScrollView.m; sourceTree = "<group>"; };
		4C3F128F1E7BBAF000C5602F /* AJTapDetectingView.h */ = {isa = PBXFileReference; fileEncoding = 4; lastKnownFileType = sourcecode.c.h; path = AJTapDetectingView.h; sourceTree = "<group>"; };
		4C3F12901E7BBAF000C5602F /* AJTapDetectingView.m */ = {isa = PBXFileReference; fileEncoding = 4; lastKnownFileType = sourcecode.c.objc; path = AJTapDetectingView.m; sourceTree = "<group>"; };
		4C3F12921E7BBAF000C5602F /* MASCompositeConstraint.h */ = {isa = PBXFileReference; fileEncoding = 4; lastKnownFileType = sourcecode.c.h; path = MASCompositeConstraint.h; sourceTree = "<group>"; };
		4C3F12931E7BBAF000C5602F /* MASCompositeConstraint.m */ = {isa = PBXFileReference; fileEncoding = 4; lastKnownFileType = sourcecode.c.objc; path = MASCompositeConstraint.m; sourceTree = "<group>"; };
		4C3F12941E7BBAF000C5602F /* MASConstraint+Private.h */ = {isa = PBXFileReference; fileEncoding = 4; lastKnownFileType = sourcecode.c.h; path = "MASConstraint+Private.h"; sourceTree = "<group>"; };
		4C3F12951E7BBAF000C5602F /* MASConstraint.h */ = {isa = PBXFileReference; fileEncoding = 4; lastKnownFileType = sourcecode.c.h; path = MASConstraint.h; sourceTree = "<group>"; };
		4C3F12961E7BBAF000C5602F /* MASConstraint.m */ = {isa = PBXFileReference; fileEncoding = 4; lastKnownFileType = sourcecode.c.objc; path = MASConstraint.m; sourceTree = "<group>"; };
		4C3F12971E7BBAF000C5602F /* MASConstraintMaker.h */ = {isa = PBXFileReference; fileEncoding = 4; lastKnownFileType = sourcecode.c.h; path = MASConstraintMaker.h; sourceTree = "<group>"; };
		4C3F12981E7BBAF000C5602F /* MASConstraintMaker.m */ = {isa = PBXFileReference; fileEncoding = 4; lastKnownFileType = sourcecode.c.objc; path = MASConstraintMaker.m; sourceTree = "<group>"; };
		4C3F12991E7BBAF000C5602F /* MASLayoutConstraint.h */ = {isa = PBXFileReference; fileEncoding = 4; lastKnownFileType = sourcecode.c.h; path = MASLayoutConstraint.h; sourceTree = "<group>"; };
		4C3F129A1E7BBAF000C5602F /* MASLayoutConstraint.m */ = {isa = PBXFileReference; fileEncoding = 4; lastKnownFileType = sourcecode.c.objc; path = MASLayoutConstraint.m; sourceTree = "<group>"; };
		4C3F129B1E7BBAF000C5602F /* Masonry.h */ = {isa = PBXFileReference; fileEncoding = 4; lastKnownFileType = sourcecode.c.h; path = Masonry.h; sourceTree = "<group>"; };
		4C3F129C1E7BBAF000C5602F /* MASUtilities.h */ = {isa = PBXFileReference; fileEncoding = 4; lastKnownFileType = sourcecode.c.h; path = MASUtilities.h; sourceTree = "<group>"; };
		4C3F129D1E7BBAF000C5602F /* MASViewAttribute.h */ = {isa = PBXFileReference; fileEncoding = 4; lastKnownFileType = sourcecode.c.h; path = MASViewAttribute.h; sourceTree = "<group>"; };
		4C3F129E1E7BBAF000C5602F /* MASViewAttribute.m */ = {isa = PBXFileReference; fileEncoding = 4; lastKnownFileType = sourcecode.c.objc; path = MASViewAttribute.m; sourceTree = "<group>"; };
		4C3F129F1E7BBAF000C5602F /* MASViewConstraint.h */ = {isa = PBXFileReference; fileEncoding = 4; lastKnownFileType = sourcecode.c.h; path = MASViewConstraint.h; sourceTree = "<group>"; };
		4C3F12A01E7BBAF000C5602F /* MASViewConstraint.m */ = {isa = PBXFileReference; fileEncoding = 4; lastKnownFileType = sourcecode.c.objc; path = MASViewConstraint.m; sourceTree = "<group>"; };
		4C3F12A11E7BBAF000C5602F /* NSArray+MASAdditions.h */ = {isa = PBXFileReference; fileEncoding = 4; lastKnownFileType = sourcecode.c.h; path = "NSArray+MASAdditions.h"; sourceTree = "<group>"; };
		4C3F12A21E7BBAF000C5602F /* NSArray+MASAdditions.m */ = {isa = PBXFileReference; fileEncoding = 4; lastKnownFileType = sourcecode.c.objc; path = "NSArray+MASAdditions.m"; sourceTree = "<group>"; };
		4C3F12A31E7BBAF000C5602F /* NSArray+MASShorthandAdditions.h */ = {isa = PBXFileReference; fileEncoding = 4; lastKnownFileType = sourcecode.c.h; path = "NSArray+MASShorthandAdditions.h"; sourceTree = "<group>"; };
		4C3F12A41E7BBAF000C5602F /* NSLayoutConstraint+MASDebugAdditions.h */ = {isa = PBXFileReference; fileEncoding = 4; lastKnownFileType = sourcecode.c.h; path = "NSLayoutConstraint+MASDebugAdditions.h"; sourceTree = "<group>"; };
		4C3F12A51E7BBAF000C5602F /* NSLayoutConstraint+MASDebugAdditions.m */ = {isa = PBXFileReference; fileEncoding = 4; lastKnownFileType = sourcecode.c.objc; path = "NSLayoutConstraint+MASDebugAdditions.m"; sourceTree = "<group>"; };
		4C3F12A61E7BBAF000C5602F /* View+MASAdditions.h */ = {isa = PBXFileReference; fileEncoding = 4; lastKnownFileType = sourcecode.c.h; path = "View+MASAdditions.h"; sourceTree = "<group>"; };
		4C3F12A71E7BBAF000C5602F /* View+MASAdditions.m */ = {isa = PBXFileReference; fileEncoding = 4; lastKnownFileType = sourcecode.c.objc; path = "View+MASAdditions.m"; sourceTree = "<group>"; };
		4C3F12A81E7BBAF000C5602F /* View+MASShorthandAdditions.h */ = {isa = PBXFileReference; fileEncoding = 4; lastKnownFileType = sourcecode.c.h; path = "View+MASShorthandAdditions.h"; sourceTree = "<group>"; };
		4C3F12C21E7BC59600C5602F /* FingerprintViewController.h */ = {isa = PBXFileReference; fileEncoding = 4; lastKnownFileType = sourcecode.c.h; path = FingerprintViewController.h; sourceTree = "<group>"; };
		4C3F12C31E7BC59600C5602F /* FingerprintViewController.m */ = {isa = PBXFileReference; fileEncoding = 4; lastKnownFileType = sourcecode.c.objc; path = FingerprintViewController.m; sourceTree = "<group>"; };
		4C77473A1EFCC2DC00D4E0A2 /* MineViewController.h */ = {isa = PBXFileReference; fileEncoding = 4; lastKnownFileType = sourcecode.c.h; path = MineViewController.h; sourceTree = "<group>"; };
		4C77473B1EFCC2DC00D4E0A2 /* MineViewController.m */ = {isa = PBXFileReference; fileEncoding = 4; lastKnownFileType = sourcecode.c.objc; path = MineViewController.m; sourceTree = "<group>"; };
		4CB655331F00B46900EA829C /* MSPlayer.h */ = {isa = PBXFileReference; fileEncoding = 4; lastKnownFileType = sourcecode.c.h; path = MSPlayer.h; sourceTree = "<group>"; };
		4CB655341F00B46900EA829C /* MSPlayer.m */ = {isa = PBXFileReference; fileEncoding = 4; lastKnownFileType = sourcecode.c.objc; path = MSPlayer.m; sourceTree = "<group>"; };
		4CB655361F00CF9B00EA829C /* MSPlayerControlView.h */ = {isa = PBXFileReference; fileEncoding = 4; lastKnownFileType = sourcecode.c.h; path = MSPlayerControlView.h; sourceTree = "<group>"; };
		4CB655371F00CF9B00EA829C /* MSPlayerControlView.m */ = {isa = PBXFileReference; fileEncoding = 4; lastKnownFileType = sourcecode.c.objc; path = MSPlayerControlView.m; sourceTree = "<group>"; };
		4CB655391F00DAC600EA829C /* MSPlayerControlView.xib */ = {isa = PBXFileReference; fileEncoding = 4; lastKnownFileType = file.xib; path = MSPlayerControlView.xib; sourceTree = "<group>"; };
		4CCFFB0E1EFA5D0D00D4C86C /* VideoViewController.h */ = {isa = PBXFileReference; fileEncoding = 4; lastKnownFileType = sourcecode.c.h; path = VideoViewController.h; sourceTree = "<group>"; };
		4CCFFB0F1EFA5D0D00D4C86C /* VideoViewController.m */ = {isa = PBXFileReference; fileEncoding = 4; lastKnownFileType = sourcecode.c.objc; path = VideoViewController.m; sourceTree = "<group>"; };
		4CCFFB6E1EFA6E4F00D4C86C /* MediaPlayer.framework */ = {isa = PBXFileReference; lastKnownFileType = wrapper.framework; name = MediaPlayer.framework; path = System/Library/Frameworks/MediaPlayer.framework; sourceTree = SDKROOT; };
		4CCFFB721EFA6E9F00D4C86C /* AVFoundation.framework */ = {isa = PBXFileReference; lastKnownFileType = wrapper.framework; name = AVFoundation.framework; path = System/Library/Frameworks/AVFoundation.framework; sourceTree = SDKROOT; };
		4CE814771E7A90EC0044432D /* VideoAndPic.app */ = {isa = PBXFileReference; explicitFileType = wrapper.application; includeInIndex = 0; path = VideoAndPic.app; sourceTree = BUILT_PRODUCTS_DIR; };
		4CE8147B1E7A90EC0044432D /* main.m */ = {isa = PBXFileReference; lastKnownFileType = sourcecode.c.objc; path = main.m; sourceTree = "<group>"; };
		4CE8147D1E7A90EC0044432D /* AppDelegate.h */ = {isa = PBXFileReference; lastKnownFileType = sourcecode.c.h; path = AppDelegate.h; sourceTree = "<group>"; };
		4CE8147E1E7A90EC0044432D /* AppDelegate.m */ = {isa = PBXFileReference; lastKnownFileType = sourcecode.c.objc; path = AppDelegate.m; sourceTree = "<group>"; };
		4CE814801E7A90EC0044432D /* PictureViewController.h */ = {isa = PBXFileReference; lastKnownFileType = sourcecode.c.h; path = PictureViewController.h; sourceTree = "<group>"; };
		4CE814811E7A90EC0044432D /* PictureViewController.m */ = {isa = PBXFileReference; lastKnownFileType = sourcecode.c.objc; path = PictureViewController.m; sourceTree = "<group>"; };
		4CE814841E7A90EC0044432D /* Base */ = {isa = PBXFileReference; lastKnownFileType = file.storyboard; name = Base; path = Base.lproj/Main.storyboard; sourceTree = "<group>"; };
		4CE814861E7A90EC0044432D /* Assets.xcassets */ = {isa = PBXFileReference; lastKnownFileType = folder.assetcatalog; path = Assets.xcassets; sourceTree = "<group>"; };
		4CE814891E7A90EC0044432D /* Base */ = {isa = PBXFileReference; lastKnownFileType = file.storyboard; name = Base; path = Base.lproj/LaunchScreen.storyboard; sourceTree = "<group>"; };
		4CE8148B1E7A90EC0044432D /* Info.plist */ = {isa = PBXFileReference; lastKnownFileType = text.plist.xml; path = Info.plist; sourceTree = "<group>"; };
		4CE814901E7A90EC0044432D /* VideoAndPicTests.xctest */ = {isa = PBXFileReference; explicitFileType = wrapper.cfbundle; includeInIndex = 0; path = VideoAndPicTests.xctest; sourceTree = BUILT_PRODUCTS_DIR; };
		4CE814941E7A90EC0044432D /* VideoAndPicTests.m */ = {isa = PBXFileReference; lastKnownFileType = sourcecode.c.objc; path = VideoAndPicTests.m; sourceTree = "<group>"; };
		4CE814961E7A90EC0044432D /* Info.plist */ = {isa = PBXFileReference; lastKnownFileType = text.plist.xml; path = Info.plist; sourceTree = "<group>"; };
		4CE8149B1E7A90EC0044432D /* VideoAndPicUITests.xctest */ = {isa = PBXFileReference; explicitFileType = wrapper.cfbundle; includeInIndex = 0; path = VideoAndPicUITests.xctest; sourceTree = BUILT_PRODUCTS_DIR; };
		4CE8149F1E7A90EC0044432D /* VideoAndPicUITests.m */ = {isa = PBXFileReference; lastKnownFileType = sourcecode.c.objc; path = VideoAndPicUITests.m; sourceTree = "<group>"; };
		4CE814A11E7A90EC0044432D /* Info.plist */ = {isa = PBXFileReference; lastKnownFileType = text.plist.xml; path = Info.plist; sourceTree = "<group>"; };
/* End PBXFileReference section */

/* Begin PBXFrameworksBuildPhase section */
		4CE814741E7A90EC0044432D /* Frameworks */ = {
			isa = PBXFrameworksBuildPhase;
			buildActionMask = 2147483647;
			files = (
				4C339EBE1EFB634B00080BE3 /* AudioToolbox.framework in Frameworks */,
				4C339EBC1EFB634300080BE3 /* VideoToolbox.framework in Frameworks */,
				4C339EBA1EFB633B00080BE3 /* CoreMedia.framework in Frameworks */,
				4C339EB81EFB633400080BE3 /* CoreVideo.framework in Frameworks */,
				4C339EB61EFB632B00080BE3 /* CoreAudio.framework in Frameworks */,
				4C339EB41EFB631F00080BE3 /* AVFoundation.framework in Frameworks */,
				4C339EB31EFB628600080BE3 /* libstdc++.6.0.9.tbd in Frameworks */,
				4C339EB11EFB627C00080BE3 /* libiconv.2.tbd in Frameworks */,
				4C339EAF1EFB626F00080BE3 /* libc++.1.tbd in Frameworks */,
				4C339EAD1EFB626200080BE3 /* libz.1.tbd in Frameworks */,
				4C339EAB1EFB625200080BE3 /* libbz2.1.0.tbd in Frameworks */,
				4CCFFB6F1EFA6E4F00D4C86C /* MediaPlayer.framework in Frameworks */,
				4C339EA91EFB625200080BE3 /* MobileVLCKit.framework in Frameworks */,
			);
			runOnlyForDeploymentPostprocessing = 0;
		};
		4CE8148D1E7A90EC0044432D /* Frameworks */ = {
			isa = PBXFrameworksBuildPhase;
			buildActionMask = 2147483647;
			files = (
			);
			runOnlyForDeploymentPostprocessing = 0;
		};
		4CE814981E7A90EC0044432D /* Frameworks */ = {
			isa = PBXFrameworksBuildPhase;
			buildActionMask = 2147483647;
			files = (
			);
			runOnlyForDeploymentPostprocessing = 0;
		};
/* End PBXFrameworksBuildPhase section */

/* Begin PBXGroup section */
		4C1CD8481F0223E300F89090 /* images */ = {
			isa = PBXGroup;
			children = (
				4C1CD8491F0223E300F89090 /* close@2x.png */,
				4C1CD84A1F0223E300F89090 /* close@3x.png */,
				4C1CD84B1F0223E300F89090 /* fullscreen@2x.png */,
				4C1CD84C1F0223E300F89090 /* fullscreen@3x.png */,
				4C1CD84D1F0223E300F89090 /* pause@2x.png */,
				4C1CD84E1F0223E300F89090 /* pause@3x.png */,
				4C1CD84F1F0223E300F89090 /* play@2x.png */,
				4C1CD8501F0223E300F89090 /* play@3x.png */,
				4C1CD8511F0223E300F89090 /* slider@2x.png */,
				4C1CD8521F0223E300F89090 /* slider@3x.png */,
			);
			path = images;
			sourceTree = "<group>";
		};
		4C1CD85D1F022BC800F89090 /* GTMBase64 */ = {
			isa = PBXGroup;
			children = (
				4C1CD85E1F022BC800F89090 /* GTMBase64 */,
			);
			path = GTMBase64;
			sourceTree = "<group>";
		};
		4C1CD85E1F022BC800F89090 /* GTMBase64 */ = {
			isa = PBXGroup;
			children = (
				4C1CD85F1F022BC800F89090 /* GTMBase64.h */,
				4C1CD8601F022BC800F89090 /* GTMBase64.m */,
				4C1CD8611F022BC800F89090 /* GTMDefines.h */,
			);
			path = GTMBase64;
			sourceTree = "<group>";
		};
		4C3F12311E7B7E0700C5602F /* HUPhotoBrowser */ = {
			isa = PBXGroup;
			children = (
				4C3F12321E7B7E0700C5602F /* hu_const.h */,
				4C3F12331E7B7E0700C5602F /* HUPhotoBrowser.h */,
				4C3F12341E7B7E0700C5602F /* HUPhotoBrowser.m */,
				4C3F12351E7B7E0700C5602F /* HUPhotoBrowserCell.h */,
				4C3F12361E7B7E0700C5602F /* HUPhotoBrowserCell.m */,
				4C3F12371E7B7E0700C5602F /* HUPhotoPicker */,
				4C3F124C1E7B7E0700C5602F /* HUToast.h */,
				4C3F124D1E7B7E0700C5602F /* HUToast.m */,
				4C3F124E1E7B7E0700C5602F /* HUWebImageDownloader */,
				4C3F12581E7B7E0700C5602F /* UIView+frame.h */,
				4C3F12591E7B7E0700C5602F /* UIView+frame.m */,
			);
			path = HUPhotoBrowser;
			sourceTree = "<group>";
		};
		4C3F12371E7B7E0700C5602F /* HUPhotoPicker */ = {
			isa = PBXGroup;
			children = (
				4C3F12381E7B7E0700C5602F /* HUAlbum.h */,
				4C3F12391E7B7E0700C5602F /* HUAlbum.m */,
				4C3F123A1E7B7E0700C5602F /* HUAlbumCell.h */,
				4C3F123B1E7B7E0700C5602F /* HUAlbumCell.m */,
				4C3F123C1E7B7E0700C5602F /* HUAlbumCell.xib */,
				4C3F123D1E7B7E0700C5602F /* HUAlbumsViewController.h */,
				4C3F123E1E7B7E0700C5602F /* HUAlbumsViewController.m */,
				4C3F123F1E7B7E0700C5602F /* HUImageItem.h */,
				4C3F12401E7B7E0700C5602F /* HUImageItem.m */,
				4C3F12411E7B7E0700C5602F /* HUImagePickerCell.h */,
				4C3F12421E7B7E0700C5602F /* HUImagePickerCell.m */,
				4C3F12431E7B7E0700C5602F /* HUImagePickerCell.xib */,
				4C3F12441E7B7E0700C5602F /* HUImagePickerRootViewController.h */,
				4C3F12451E7B7E0700C5602F /* HUImagePickerRootViewController.m */,
				4C3F12461E7B7E0700C5602F /* HUImagePickerViewController.h */,
				4C3F12471E7B7E0700C5602F /* HUImagePickerViewController.m */,
				4C3F12481E7B7E0700C5602F /* HUPhotoHelper.h */,
				4C3F12491E7B7E0700C5602F /* HUPhotoHelper.m */,
				4C3F124A1E7B7E0700C5602F /* pick_checked@2x.png */,
				4C3F124B1E7B7E0700C5602F /* pick_checked@3x.png */,
			);
			path = HUPhotoPicker;
			sourceTree = "<group>";
		};
		4C3F124E1E7B7E0700C5602F /* HUWebImageDownloader */ = {
			isa = PBXGroup;
			children = (
				4C3F124F1E7B7E0700C5602F /* HUWebImage.h */,
				4C3F12501E7B7E0700C5602F /* HUWebImageDownloader.h */,
				4C3F12511E7B7E0700C5602F /* HUWebImageDownloader.m */,
				4C3F12521E7B7E0700C5602F /* HUWebImageDownloadOperation.h */,
				4C3F12531E7B7E0700C5602F /* HUWebImageDownloadOperation.m */,
				4C3F12541E7B7E0700C5602F /* UIImage+HUExtension.h */,
				4C3F12551E7B7E0700C5602F /* UIImage+HUExtension.m */,
				4C3F12561E7B7E0700C5602F /* UIImageView+HUWebImage.h */,
				4C3F12571E7B7E0700C5602F /* UIImageView+HUWebImage.m */,
			);
			path = HUWebImageDownloader;
			sourceTree = "<group>";
		};
		4C3F12771E7BBAF000C5602F /* AJPhotoPicker */ = {
			isa = PBXGroup;
			children = (
				4C3F12781E7BBAF000C5602F /* AJGradientView.h */,
				4C3F12791E7BBAF000C5602F /* AJGradientView.m */,
				4C3F127A1E7BBAF000C5602F /* AJPhotoGroupCell.h */,
				4C3F127B1E7BBAF000C5602F /* AJPhotoGroupCell.m */,
				4C3F127C1E7BBAF000C5602F /* AJPhotoGroupView.h */,
				4C3F127D1E7BBAF000C5602F /* AJPhotoGroupView.m */,
				4C3F127E1E7BBAF000C5602F /* AJPhotoListCell.h */,
				4C3F127F1E7BBAF000C5602F /* AJPhotoListCell.m */,
				4C3F12801E7BBAF000C5602F /* AJPhotoListCellTapView.h */,
				4C3F12811E7BBAF000C5602F /* AJPhotoListCellTapView.m */,
				4C3F12821E7BBAF000C5602F /* AJPhotoListView.h */,
				4C3F12831E7BBAF000C5602F /* AJPhotoListView.m */,
				4C3F12841E7BBAF000C5602F /* AJPhotoPickerViewController.h */,
				4C3F12851E7BBAF000C5602F /* AJPhotoPickerViewController.m */,
				4C3F12861E7BBAF000C5602F /* BoPhotoPicker.bundle */,
				4C3F12871E7BBAF000C5602F /* Vendor */,
			);
			path = AJPhotoPicker;
			sourceTree = "<group>";
		};
		4C3F12871E7BBAF000C5602F /* Vendor */ = {
			isa = PBXGroup;
			children = (
				4C3F12881E7BBAF000C5602F /* AJPhotoBrowser */,
				4C3F12911E7BBAF000C5602F /* Masonry */,
			);
			path = Vendor;
			sourceTree = "<group>";
		};
		4C3F12881E7BBAF000C5602F /* AJPhotoBrowser */ = {
			isa = PBXGroup;
			children = (
				4C3F12891E7BBAF000C5602F /* AJPhotoBrowserViewController.h */,
				4C3F128A1E7BBAF000C5602F /* AJPhotoBrowserViewController.m */,
				4C3F128B1E7BBAF000C5602F /* AJPhotoTapDetectingImageView.h */,
				4C3F128C1E7BBAF000C5602F /* AJPhotoTapDetectingImageView.m */,
				4C3F128D1E7BBAF000C5602F /* AJPhotoZoomingScrollView.h */,
				4C3F128E1E7BBAF000C5602F /* AJPhotoZoomingScrollView.m */,
				4C3F128F1E7BBAF000C5602F /* AJTapDetectingView.h */,
				4C3F12901E7BBAF000C5602F /* AJTapDetectingView.m */,
			);
			path = AJPhotoBrowser;
			sourceTree = "<group>";
		};
		4C3F12911E7BBAF000C5602F /* Masonry */ = {
			isa = PBXGroup;
			children = (
				4C3F12921E7BBAF000C5602F /* MASCompositeConstraint.h */,
				4C3F12931E7BBAF000C5602F /* MASCompositeConstraint.m */,
				4C3F12941E7BBAF000C5602F /* MASConstraint+Private.h */,
				4C3F12951E7BBAF000C5602F /* MASConstraint.h */,
				4C3F12961E7BBAF000C5602F /* MASConstraint.m */,
				4C3F12971E7BBAF000C5602F /* MASConstraintMaker.h */,
				4C3F12981E7BBAF000C5602F /* MASConstraintMaker.m */,
				4C3F12991E7BBAF000C5602F /* MASLayoutConstraint.h */,
				4C3F129A1E7BBAF000C5602F /* MASLayoutConstraint.m */,
				4C3F129B1E7BBAF000C5602F /* Masonry.h */,
				4C3F129C1E7BBAF000C5602F /* MASUtilities.h */,
				4C3F129D1E7BBAF000C5602F /* MASViewAttribute.h */,
				4C3F129E1E7BBAF000C5602F /* MASViewAttribute.m */,
				4C3F129F1E7BBAF000C5602F /* MASViewConstraint.h */,
				4C3F12A01E7BBAF000C5602F /* MASViewConstraint.m */,
				4C3F12A11E7BBAF000C5602F /* NSArray+MASAdditions.h */,
				4C3F12A21E7BBAF000C5602F /* NSArray+MASAdditions.m */,
				4C3F12A31E7BBAF000C5602F /* NSArray+MASShorthandAdditions.h */,
				4C3F12A41E7BBAF000C5602F /* NSLayoutConstraint+MASDebugAdditions.h */,
				4C3F12A51E7BBAF000C5602F /* NSLayoutConstraint+MASDebugAdditions.m */,
				4C3F12A61E7BBAF000C5602F /* View+MASAdditions.h */,
				4C3F12A71E7BBAF000C5602F /* View+MASAdditions.m */,
				4C3F12A81E7BBAF000C5602F /* View+MASShorthandAdditions.h */,
			);
			path = Masonry;
			sourceTree = "<group>";
		};
		4CB655321F00B43E00EA829C /* MSPlayer */ = {
			isa = PBXGroup;
			children = (
				4C1CD8481F0223E300F89090 /* images */,
				4CB655331F00B46900EA829C /* MSPlayer.h */,
				4CB655341F00B46900EA829C /* MSPlayer.m */,
				4CB655361F00CF9B00EA829C /* MSPlayerControlView.h */,
				4CB655371F00CF9B00EA829C /* MSPlayerControlView.m */,
				4CB655391F00DAC600EA829C /* MSPlayerControlView.xib */,
				4C2B81391F01084300700F53 /* MSPlayerPanGestureRecognizer.h */,
				4C2B813A1F01084300700F53 /* MSPlayerPanGestureRecognizer.m */,
			);
			path = MSPlayer;
			sourceTree = "<group>";
		};
		4CCFFB091EFA5ACE00D4C86C /* Picture */ = {
			isa = PBXGroup;
			children = (
				4CE814801E7A90EC0044432D /* PictureViewController.h */,
				4CE814811E7A90EC0044432D /* PictureViewController.m */,
				4C3F122E1E7B73F500C5602F /* PictureCollectionViewCell.h */,
				4C3F122F1E7B73F500C5602F /* PictureCollectionViewCell.m */,
				4C3F12741E7B8B7A00C5602F /* CollectionViewLayout.h */,
				4C3F12751E7B8B7A00C5602F /* CollectionViewLayout.m */,
			);
			name = Picture;
			sourceTree = "<group>";
		};
		4CCFFB0A1EFA5AD900D4C86C /* Video */ = {
			isa = PBXGroup;
			children = (
				4CCFFB0E1EFA5D0D00D4C86C /* VideoViewController.h */,
				4CCFFB0F1EFA5D0D00D4C86C /* VideoViewController.m */,
				4C1115811EFB9CF000A7C063 /* VideoTableViewCell.h */,
				4C1115821EFB9CF000A7C063 /* VideoTableViewCell.m */,
				4C1115841EFBA98500A7C063 /* MSAlert.h */,
				4C1115851EFBA98500A7C063 /* MSAlert.m */,
			);
			name = Video;
			sourceTree = "<group>";
		};
		4CCFFB0B1EFA5AE200D4C86C /* Mine */ = {
			isa = PBXGroup;
			children = (
				4C77473A1EFCC2DC00D4E0A2 /* MineViewController.h */,
				4C77473B1EFCC2DC00D4E0A2 /* MineViewController.m */,
			);
			name = Mine;
			sourceTree = "<group>";
		};
		4CCFFB0C1EFA5B4800D4C86C /* Other */ = {
			isa = PBXGroup;
			children = (
				4CE8147D1E7A90EC0044432D /* AppDelegate.h */,
				4CE8147E1E7A90EC0044432D /* AppDelegate.m */,
				4C3F12C21E7BC59600C5602F /* FingerprintViewController.h */,
				4C3F12C31E7BC59600C5602F /* FingerprintViewController.m */,
				4CE814831E7A90EC0044432D /* Main.storyboard */,
				4CE814861E7A90EC0044432D /* Assets.xcassets */,
				4CE814881E7A90EC0044432D /* LaunchScreen.storyboard */,
				4CE8148B1E7A90EC0044432D /* Info.plist */,
			);
			name = Other;
			sourceTree = "<group>";
		};
		4CCFFB0D1EFA5B5900D4C86C /* Vendor */ = {
			isa = PBXGroup;
			children = (
				4CB655321F00B43E00EA829C /* MSPlayer */,
				4C1CD85D1F022BC800F89090 /* GTMBase64 */,
				4C3F12771E7BBAF000C5602F /* AJPhotoPicker */,
				4C3F12311E7B7E0700C5602F /* HUPhotoBrowser */,
			);
			name = Vendor;
			sourceTree = "<group>";
		};
		4CCFFB6D1EFA6E4F00D4C86C /* Frameworks */ = {
			isa = PBXGroup;
			children = (
				4C339EBD1EFB634B00080BE3 /* AudioToolbox.framework */,
				4C339EBB1EFB634300080BE3 /* VideoToolbox.framework */,
				4C339EB91EFB633B00080BE3 /* CoreMedia.framework */,
				4C339EB71EFB633400080BE3 /* CoreVideo.framework */,
				4C339EB51EFB632B00080BE3 /* CoreAudio.framework */,
				4C339EB21EFB628600080BE3 /* libstdc++.6.0.9.tbd */,
				4C339EB01EFB627C00080BE3 /* libiconv.2.tbd */,
				4C339EAE1EFB626F00080BE3 /* libc++.1.tbd */,
				4C339EAC1EFB626200080BE3 /* libz.1.tbd */,
				4C339EAA1EFB625200080BE3 /* libbz2.1.0.tbd */,
				4C339EA81EFB625200080BE3 /* MobileVLCKit.framework */,
				4CCFFB721EFA6E9F00D4C86C /* AVFoundation.framework */,
				4CCFFB6E1EFA6E4F00D4C86C /* MediaPlayer.framework */,
			);
			name = Frameworks;
			sourceTree = "<group>";
		};
		4CE8146E1E7A90EC0044432D = {
			isa = PBXGroup;
			children = (
				4CE814791E7A90EC0044432D /* VideoAndPic */,
				4CE814931E7A90EC0044432D /* VideoAndPicTests */,
				4CE8149E1E7A90EC0044432D /* VideoAndPicUITests */,
				4CE814781E7A90EC0044432D /* Products */,
				4CCFFB6D1EFA6E4F00D4C86C /* Frameworks */,
			);
			sourceTree = "<group>";
		};
		4CE814781E7A90EC0044432D /* Products */ = {
			isa = PBXGroup;
			children = (
				4CE814771E7A90EC0044432D /* VideoAndPic.app */,
				4CE814901E7A90EC0044432D /* VideoAndPicTests.xctest */,
				4CE8149B1E7A90EC0044432D /* VideoAndPicUITests.xctest */,
			);
			name = Products;
			sourceTree = "<group>";
		};
		4CE814791E7A90EC0044432D /* VideoAndPic */ = {
			isa = PBXGroup;
			children = (
				4CCFFB091EFA5ACE00D4C86C /* Picture */,
				4CCFFB0A1EFA5AD900D4C86C /* Video */,
				4CCFFB0B1EFA5AE200D4C86C /* Mine */,
				4CCFFB0C1EFA5B4800D4C86C /* Other */,
				4CCFFB0D1EFA5B5900D4C86C /* Vendor */,
				4CE8147A1E7A90EC0044432D /* Supporting Files */,
			);
			path = VideoAndPic;
			sourceTree = "<group>";
		};
		4CE8147A1E7A90EC0044432D /* Supporting Files */ = {
			isa = PBXGroup;
			children = (
				4CE8147B1E7A90EC0044432D /* main.m */,
			);
			name = "Supporting Files";
			sourceTree = "<group>";
		};
		4CE814931E7A90EC0044432D /* VideoAndPicTests */ = {
			isa = PBXGroup;
			children = (
				4CE814941E7A90EC0044432D /* VideoAndPicTests.m */,
				4CE814961E7A90EC0044432D /* Info.plist */,
			);
			path = VideoAndPicTests;
			sourceTree = "<group>";
		};
		4CE8149E1E7A90EC0044432D /* VideoAndPicUITests */ = {
			isa = PBXGroup;
			children = (
				4CE8149F1E7A90EC0044432D /* VideoAndPicUITests.m */,
				4CE814A11E7A90EC0044432D /* Info.plist */,
			);
			path = VideoAndPicUITests;
			sourceTree = "<group>";
		};
/* End PBXGroup section */

/* Begin PBXNativeTarget section */
		4CE814761E7A90EC0044432D /* VideoAndPic */ = {
			isa = PBXNativeTarget;
			buildConfigurationList = 4CE814A41E7A90EC0044432D /* Build configuration list for PBXNativeTarget "VideoAndPic" */;
			buildPhases = (
				4CE814731E7A90EC0044432D /* Sources */,
				4CE814741E7A90EC0044432D /* Frameworks */,
				4CE814751E7A90EC0044432D /* Resources */,
			);
			buildRules = (
			);
			dependencies = (
			);
			name = VideoAndPic;
			productName = VideoAndPic;
			productReference = 4CE814771E7A90EC0044432D /* VideoAndPic.app */;
			productType = "com.apple.product-type.application";
		};
		4CE8148F1E7A90EC0044432D /* VideoAndPicTests */ = {
			isa = PBXNativeTarget;
			buildConfigurationList = 4CE814A71E7A90EC0044432D /* Build configuration list for PBXNativeTarget "VideoAndPicTests" */;
			buildPhases = (
				4CE8148C1E7A90EC0044432D /* Sources */,
				4CE8148D1E7A90EC0044432D /* Frameworks */,
				4CE8148E1E7A90EC0044432D /* Resources */,
			);
			buildRules = (
			);
			dependencies = (
				4CE814921E7A90EC0044432D /* PBXTargetDependency */,
			);
			name = VideoAndPicTests;
			productName = VideoAndPicTests;
			productReference = 4CE814901E7A90EC0044432D /* VideoAndPicTests.xctest */;
			productType = "com.apple.product-type.bundle.unit-test";
		};
		4CE8149A1E7A90EC0044432D /* VideoAndPicUITests */ = {
			isa = PBXNativeTarget;
			buildConfigurationList = 4CE814AA1E7A90EC0044432D /* Build configuration list for PBXNativeTarget "VideoAndPicUITests" */;
			buildPhases = (
				4CE814971E7A90EC0044432D /* Sources */,
				4CE814981E7A90EC0044432D /* Frameworks */,
				4CE814991E7A90EC0044432D /* Resources */,
			);
			buildRules = (
			);
			dependencies = (
				4CE8149D1E7A90EC0044432D /* PBXTargetDependency */,
			);
			name = VideoAndPicUITests;
			productName = VideoAndPicUITests;
			productReference = 4CE8149B1E7A90EC0044432D /* VideoAndPicUITests.xctest */;
			productType = "com.apple.product-type.bundle.ui-testing";
		};
/* End PBXNativeTarget section */

/* Begin PBXProject section */
		4CE8146F1E7A90EC0044432D /* Project object */ = {
			isa = PBXProject;
			attributes = {
				LastUpgradeCheck = 0820;
				ORGANIZATIONNAME = mukr;
				TargetAttributes = {
					4CE814761E7A90EC0044432D = {
						CreatedOnToolsVersion = 8.2.1;
						DevelopmentTeam = AMSRDVPGHY;
						ProvisioningStyle = Automatic;
					};
					4CE8148F1E7A90EC0044432D = {
						CreatedOnToolsVersion = 8.2.1;
						DevelopmentTeam = AMSRDVPGHY;
						ProvisioningStyle = Automatic;
						TestTargetID = 4CE814761E7A90EC0044432D;
					};
					4CE8149A1E7A90EC0044432D = {
						CreatedOnToolsVersion = 8.2.1;
						DevelopmentTeam = AMSRDVPGHY;
						ProvisioningStyle = Automatic;
						TestTargetID = 4CE814761E7A90EC0044432D;
					};
				};
			};
			buildConfigurationList = 4CE814721E7A90EC0044432D /* Build configuration list for PBXProject "VideoAndPic" */;
			compatibilityVersion = "Xcode 3.2";
			developmentRegion = English;
			hasScannedForEncodings = 0;
			knownRegions = (
				en,
				Base,
			);
			mainGroup = 4CE8146E1E7A90EC0044432D;
			productRefGroup = 4CE814781E7A90EC0044432D /* Products */;
			projectDirPath = "";
			projectRoot = "";
			targets = (
				4CE814761E7A90EC0044432D /* VideoAndPic */,
				4CE8148F1E7A90EC0044432D /* VideoAndPicTests */,
				4CE8149A1E7A90EC0044432D /* VideoAndPicUITests */,
			);
		};
/* End PBXProject section */

/* Begin PBXResourcesBuildPhase section */
		4CE814751E7A90EC0044432D /* Resources */ = {
			isa = PBXResourcesBuildPhase;
			buildActionMask = 2147483647;
			files = (
				4C3F12621E7B7E0800C5602F /* HUImagePickerCell.xib in Resources */,
				4C1CD8551F0223E300F89090 /* fullscreen@2x.png in Resources */,
				4C1CD85A1F0223E300F89090 /* play@3x.png in Resources */,
				4C1CD8541F0223E300F89090 /* close@3x.png in Resources */,
				4CE8148A1E7A90EC0044432D /* LaunchScreen.storyboard in Resources */,
				4CE814871E7A90EC0044432D /* Assets.xcassets in Resources */,
				4C3F125E1E7B7E0800C5602F /* HUAlbumCell.xib in Resources */,
				4CB6553A1F00DAC600EA829C /* MSPlayerControlView.xib in Resources */,
				4C1CD8581F0223E300F89090 /* pause@3x.png in Resources */,
				4C1CD8531F0223E300F89090 /* close@2x.png in Resources */,
				4CE814851E7A90EC0044432D /* Main.storyboard in Resources */,
				4C3F12B01E7BBAF000C5602F /* BoPhotoPicker.bundle in Resources */,
				4C1CD85C1F0223E300F89090 /* slider@3x.png in Resources */,
				4C1CD8561F0223E300F89090 /* fullscreen@3x.png in Resources */,
				4C3F12661E7B7E0800C5602F /* pick_checked@2x.png in Resources */,
				4C3F12671E7B7E0800C5602F /* pick_checked@3x.png in Resources */,
				4C1CD8591F0223E300F89090 /* play@2x.png in Resources */,
				4C1CD8571F0223E300F89090 /* pause@2x.png in Resources */,
				4C1CD85B1F0223E300F89090 /* slider@2x.png in Resources */,
			);
			runOnlyForDeploymentPostprocessing = 0;
		};
		4CE8148E1E7A90EC0044432D /* Resources */ = {
			isa = PBXResourcesBuildPhase;
			buildActionMask = 2147483647;
			files = (
			);
			runOnlyForDeploymentPostprocessing = 0;
		};
		4CE814991E7A90EC0044432D /* Resources */ = {
			isa = PBXResourcesBuildPhase;
			buildActionMask = 2147483647;
			files = (
			);
			runOnlyForDeploymentPostprocessing = 0;
		};
/* End PBXResourcesBuildPhase section */

/* Begin PBXSourcesBuildPhase section */
		4CE814731E7A90EC0044432D /* Sources */ = {
			isa = PBXSourcesBuildPhase;
			buildActionMask = 2147483647;
			files = (
				4C1115831EFB9CF000A7C063 /* VideoTableViewCell.m in Sources */,
				4C3F12AD1E7BBAF000C5602F /* AJPhotoListCellTapView.m in Sources */,
				4C3F12AE1E7BBAF000C5602F /* AJPhotoListView.m in Sources */,
				4CCFFB101EFA5D0D00D4C86C /* VideoViewController.m in Sources */,
				4C3F12BB1E7BBAF000C5602F /* NSArray+MASAdditions.m in Sources */,
				4C3F12BD1E7BBAF000C5602F /* View+MASAdditions.m in Sources */,
				4C3F125F1E7B7E0800C5602F /* HUAlbumsViewController.m in Sources */,
				4C3F12BA1E7BBAF000C5602F /* MASViewConstraint.m in Sources */,
				4C3F12761E7B8B7A00C5602F /* CollectionViewLayout.m in Sources */,
				4C3F12B21E7BBAF000C5602F /* AJPhotoTapDetectingImageView.m in Sources */,
				4C3F12AB1E7BBAF000C5602F /* AJPhotoGroupView.m in Sources */,
				4C3F12AA1E7BBAF000C5602F /* AJPhotoGroupCell.m in Sources */,
				4CE814821E7A90EC0044432D /* PictureViewController.m in Sources */,
				4C3F12641E7B7E0800C5602F /* HUImagePickerViewController.m in Sources */,
				4C3F12B31E7BBAF000C5602F /* AJPhotoZoomingScrollView.m in Sources */,
				4CE8147F1E7A90EC0044432D /* AppDelegate.m in Sources */,
				4C3F12AC1E7BBAF000C5602F /* AJPhotoListCell.m in Sources */,
				4C3F12631E7B7E0800C5602F /* HUImagePickerRootViewController.m in Sources */,
				4C3F12611E7B7E0800C5602F /* HUImagePickerCell.m in Sources */,
				4C3F12A91E7BBAF000C5602F /* AJGradientView.m in Sources */,
				4C3F12681E7B7E0800C5602F /* HUToast.m in Sources */,
				4C3F12B91E7BBAF000C5602F /* MASViewAttribute.m in Sources */,
				4C3F12B81E7BBAF000C5602F /* MASLayoutConstraint.m in Sources */,
				4C3F12B51E7BBAF000C5602F /* MASCompositeConstraint.m in Sources */,
				4C3F12601E7B7E0800C5602F /* HUImageItem.m in Sources */,
				4C3F12B41E7BBAF000C5602F /* AJTapDetectingView.m in Sources */,
				4C3F12BC1E7BBAF000C5602F /* NSLayoutConstraint+MASDebugAdditions.m in Sources */,
				4C3F12C41E7BC59600C5602F /* FingerprintViewController.m in Sources */,
				4C3F126D1E7B7E0800C5602F /* UIView+frame.m in Sources */,
				4C3F126B1E7B7E0800C5602F /* UIImage+HUExtension.m in Sources */,
				4C3F12B71E7BBAF000C5602F /* MASConstraintMaker.m in Sources */,
				4C2B813B1F01084300700F53 /* MSPlayerPanGestureRecognizer.m in Sources */,
				4C3F125A1E7B7E0700C5602F /* HUPhotoBrowser.m in Sources */,
				4C3F12AF1E7BBAF000C5602F /* AJPhotoPickerViewController.m in Sources */,
				4C3F12301E7B73F500C5602F /* PictureCollectionViewCell.m in Sources */,
				4C3F126C1E7B7E0800C5602F /* UIImageView+HUWebImage.m in Sources */,
				4C3F126A1E7B7E0800C5602F /* HUWebImageDownloadOperation.m in Sources */,
				4C1CD8641F022BC800F89090 /* GTMBase64.m in Sources */,
				4C3F125B1E7B7E0700C5602F /* HUPhotoBrowserCell.m in Sources */,
				4C3F125C1E7B7E0800C5602F /* HUAlbum.m in Sources */,
				4C3F12651E7B7E0800C5602F /* HUPhotoHelper.m in Sources */,
				4C3F125D1E7B7E0800C5602F /* HUAlbumCell.m in Sources */,
				4C77473C1EFCC2DC00D4E0A2 /* MineViewController.m in Sources */,
				4C3F12B11E7BBAF000C5602F /* AJPhotoBrowserViewController.m in Sources */,
				4C1115861EFBA98500A7C063 /* MSAlert.m in Sources */,
				4CB655381F00CF9B00EA829C /* MSPlayerControlView.m in Sources */,
				4C3F12691E7B7E0800C5602F /* HUWebImageDownloader.m in Sources */,
				4C3F12B61E7BBAF000C5602F /* MASConstraint.m in Sources */,
				4CB655351F00B46900EA829C /* MSPlayer.m in Sources */,
				4CE8147C1E7A90EC0044432D /* main.m in Sources */,
			);
			runOnlyForDeploymentPostprocessing = 0;
		};
		4CE8148C1E7A90EC0044432D /* Sources */ = {
			isa = PBXSourcesBuildPhase;
			buildActionMask = 2147483647;
			files = (
				4CE814951E7A90EC0044432D /* VideoAndPicTests.m in Sources */,
			);
			runOnlyForDeploymentPostprocessing = 0;
		};
		4CE814971E7A90EC0044432D /* Sources */ = {
			isa = PBXSourcesBuildPhase;
			buildActionMask = 2147483647;
			files = (
				4CE814A01E7A90EC0044432D /* VideoAndPicUITests.m in Sources */,
			);
			runOnlyForDeploymentPostprocessing = 0;
		};
/* End PBXSourcesBuildPhase section */

/* Begin PBXTargetDependency section */
		4CE814921E7A90EC0044432D /* PBXTargetDependency */ = {
			isa = PBXTargetDependency;
			target = 4CE814761E7A90EC0044432D /* VideoAndPic */;
			targetProxy = 4CE814911E7A90EC0044432D /* PBXContainerItemProxy */;
		};
		4CE8149D1E7A90EC0044432D /* PBXTargetDependency */ = {
			isa = PBXTargetDependency;
			target = 4CE814761E7A90EC0044432D /* VideoAndPic */;
			targetProxy = 4CE8149C1E7A90EC0044432D /* PBXContainerItemProxy */;
		};
/* End PBXTargetDependency section */

/* Begin PBXVariantGroup section */
		4CE814831E7A90EC0044432D /* Main.storyboard */ = {
			isa = PBXVariantGroup;
			children = (
				4CE814841E7A90EC0044432D /* Base */,
			);
			name = Main.storyboard;
			sourceTree = "<group>";
		};
		4CE814881E7A90EC0044432D /* LaunchScreen.storyboard */ = {
			isa = PBXVariantGroup;
			children = (
				4CE814891E7A90EC0044432D /* Base */,
			);
			name = LaunchScreen.storyboard;
			sourceTree = "<group>";
		};
/* End PBXVariantGroup section */

/* Begin XCBuildConfiguration section */
		4CE814A21E7A90EC0044432D /* Debug */ = {
			isa = XCBuildConfiguration;
			buildSettings = {
				ALWAYS_SEARCH_USER_PATHS = NO;
				CLANG_ANALYZER_NONNULL = YES;
				CLANG_CXX_LANGUAGE_STANDARD = "gnu++0x";
				CLANG_CXX_LIBRARY = "libc++";
				CLANG_ENABLE_MODULES = YES;
				CLANG_ENABLE_OBJC_ARC = YES;
				CLANG_WARN_BOOL_CONVERSION = YES;
				CLANG_WARN_CONSTANT_CONVERSION = YES;
				CLANG_WARN_DIRECT_OBJC_ISA_USAGE = YES_ERROR;
				CLANG_WARN_DOCUMENTATION_COMMENTS = YES;
				CLANG_WARN_EMPTY_BODY = YES;
				CLANG_WARN_ENUM_CONVERSION = YES;
				CLANG_WARN_INFINITE_RECURSION = YES;
				CLANG_WARN_INT_CONVERSION = YES;
				CLANG_WARN_OBJC_ROOT_CLASS = YES_ERROR;
				CLANG_WARN_SUSPICIOUS_MOVE = YES;
				CLANG_WARN_UNREACHABLE_CODE = YES;
				CLANG_WARN__DUPLICATE_METHOD_MATCH = YES;
				"CODE_SIGN_IDENTITY[sdk=iphoneos*]" = "iPhone Developer";
				COPY_PHASE_STRIP = NO;
				DEBUG_INFORMATION_FORMAT = dwarf;
				ENABLE_STRICT_OBJC_MSGSEND = YES;
				ENABLE_TESTABILITY = YES;
				GCC_C_LANGUAGE_STANDARD = gnu99;
				GCC_DYNAMIC_NO_PIC = NO;
				GCC_NO_COMMON_BLOCKS = YES;
				GCC_OPTIMIZATION_LEVEL = 0;
				GCC_PREPROCESSOR_DEFINITIONS = (
					"DEBUG=1",
					"$(inherited)",
				);
				GCC_WARN_64_TO_32_BIT_CONVERSION = YES;
				GCC_WARN_ABOUT_RETURN_TYPE = YES_ERROR;
				GCC_WARN_UNDECLARED_SELECTOR = YES;
				GCC_WARN_UNINITIALIZED_AUTOS = YES_AGGRESSIVE;
				GCC_WARN_UNUSED_FUNCTION = YES;
				GCC_WARN_UNUSED_VARIABLE = YES;
				IPHONEOS_DEPLOYMENT_TARGET = 10.2;
				MTL_ENABLE_DEBUG_INFO = YES;
				ONLY_ACTIVE_ARCH = YES;
				SDKROOT = iphoneos;
			};
			name = Debug;
		};
		4CE814A31E7A90EC0044432D /* Release */ = {
			isa = XCBuildConfiguration;
			buildSettings = {
				ALWAYS_SEARCH_USER_PATHS = NO;
				CLANG_ANALYZER_NONNULL = YES;
				CLANG_CXX_LANGUAGE_STANDARD = "gnu++0x";
				CLANG_CXX_LIBRARY = "libc++";
				CLANG_ENABLE_MODULES = YES;
				CLANG_ENABLE_OBJC_ARC = YES;
				CLANG_WARN_BOOL_CONVERSION = YES;
				CLANG_WARN_CONSTANT_CONVERSION = YES;
				CLANG_WARN_DIRECT_OBJC_ISA_USAGE = YES_ERROR;
				CLANG_WARN_DOCUMENTATION_COMMENTS = YES;
				CLANG_WARN_EMPTY_BODY = YES;
				CLANG_WARN_ENUM_CONVERSION = YES;
				CLANG_WARN_INFINITE_RECURSION = YES;
				CLANG_WARN_INT_CONVERSION = YES;
				CLANG_WARN_OBJC_ROOT_CLASS = YES_ERROR;
				CLANG_WARN_SUSPICIOUS_MOVE = YES;
				CLANG_WARN_UNREACHABLE_CODE = YES;
				CLANG_WARN__DUPLICATE_METHOD_MATCH = YES;
				"CODE_SIGN_IDENTITY[sdk=iphoneos*]" = "iPhone Developer";
				COPY_PHASE_STRIP = NO;
				DEBUG_INFORMATION_FORMAT = "dwarf-with-dsym";
				ENABLE_NS_ASSERTIONS = NO;
				ENABLE_STRICT_OBJC_MSGSEND = YES;
				GCC_C_LANGUAGE_STANDARD = gnu99;
				GCC_NO_COMMON_BLOCKS = YES;
				GCC_WARN_64_TO_32_BIT_CONVERSION = YES;
				GCC_WARN_ABOUT_RETURN_TYPE = YES_ERROR;
				GCC_WARN_UNDECLARED_SELECTOR = YES;
				GCC_WARN_UNINITIALIZED_AUTOS = YES_AGGRESSIVE;
				GCC_WARN_UNUSED_FUNCTION = YES;
				GCC_WARN_UNUSED_VARIABLE = YES;
				IPHONEOS_DEPLOYMENT_TARGET = 10.2;
				MTL_ENABLE_DEBUG_INFO = NO;
				SDKROOT = iphoneos;
				VALIDATE_PRODUCT = YES;
			};
			name = Release;
		};
		4CE814A51E7A90EC0044432D /* Debug */ = {
			isa = XCBuildConfiguration;
			buildSettings = {
				ASSETCATALOG_COMPILER_APPICON_NAME = AppIcon;
				CLANG_CXX_LIBRARY = "libstdc++";
				DEVELOPMENT_TEAM = AMSRDVPGHY;
				ENABLE_BITCODE = NO;
				FRAMEWORK_SEARCH_PATHS = (
					"$(inherited)",
					"$(PROJECT_DIR)",
					"$(MobileVLCKit-binary)",
				);
				INFOPLIST_FILE = VideoAndPic/Info.plist;
				IPHONEOS_DEPLOYMENT_TARGET = 8.0;
				LD_RUNPATH_SEARCH_PATHS = "$(inherited) @executable_path/Frameworks";
				LIBRARY_SEARCH_PATHS = (
					"$(inherited)",
					"$(PROJECT_DIR)",
				);
				PRODUCT_BUNDLE_IDENTIFIER = com.weicaoshou.VideoAndPic;
				PRODUCT_NAME = "$(TARGET_NAME)";
			};
			name = Debug;
		};
		4CE814A61E7A90EC0044432D /* Release */ = {
			isa = XCBuildConfiguration;
			buildSettings = {
				ASSETCATALOG_COMPILER_APPICON_NAME = AppIcon;
				CLANG_CXX_LIBRARY = "libstdc++";
				DEVELOPMENT_TEAM = AMSRDVPGHY;
				ENABLE_BITCODE = NO;
				FRAMEWORK_SEARCH_PATHS = (
					"$(inherited)",
					"$(PROJECT_DIR)",
					"$(MobileVLCKit-binary)",
				);
				INFOPLIST_FILE = VideoAndPic/Info.plist;
				IPHONEOS_DEPLOYMENT_TARGET = 8.0;
				LD_RUNPATH_SEARCH_PATHS = "$(inherited) @executable_path/Frameworks";
				LIBRARY_SEARCH_PATHS = (
					"$(inherited)",
					"$(PROJECT_DIR)",
				);
				PRODUCT_BUNDLE_IDENTIFIER = com.weicaoshou.VideoAndPic;
				PRODUCT_NAME = "$(TARGET_NAME)";
			};
			name = Release;
		};
		4CE814A81E7A90EC0044432D /* Debug */ = {
			isa = XCBuildConfiguration;
			buildSettings = {
				BUNDLE_LOADER = "$(TEST_HOST)";
				DEVELOPMENT_TEAM = AMSRDVPGHY;
				INFOPLIST_FILE = VideoAndPicTests/Info.plist;
				LD_RUNPATH_SEARCH_PATHS = "$(inherited) @executable_path/Frameworks @loader_path/Frameworks";
				PRODUCT_BUNDLE_IDENTIFIER = com.weicaoshou.VideoAndPicTests;
				PRODUCT_NAME = "$(TARGET_NAME)";
				TEST_HOST = "$(BUILT_PRODUCTS_DIR)/VideoAndPic.app/VideoAndPic";
			};
			name = Debug;
		};
		4CE814A91E7A90EC0044432D /* Release */ = {
			isa = XCBuildConfiguration;
			buildSettings = {
				BUNDLE_LOADER = "$(TEST_HOST)";
				DEVELOPMENT_TEAM = AMSRDVPGHY;
				INFOPLIST_FILE = VideoAndPicTests/Info.plist;
				LD_RUNPATH_SEARCH_PATHS = "$(inherited) @executable_path/Frameworks @loader_path/Frameworks";
				PRODUCT_BUNDLE_IDENTIFIER = com.weicaoshou.VideoAndPicTests;
				PRODUCT_NAME = "$(TARGET_NAME)";
				TEST_HOST = "$(BUILT_PRODUCTS_DIR)/VideoAndPic.app/VideoAndPic";
			};
			name = Release;
		};
		4CE814AB1E7A90EC0044432D /* Debug */ = {
			isa = XCBuildConfiguration;
			buildSettings = {
				DEVELOPMENT_TEAM = AMSRDVPGHY;
				INFOPLIST_FILE = VideoAndPicUITests/Info.plist;
				LD_RUNPATH_SEARCH_PATHS = "$(inherited) @executable_path/Frameworks @loader_path/Frameworks";
				PRODUCT_BUNDLE_IDENTIFIER = com.weicaoshou.VideoAndPicUITests;
				PRODUCT_NAME = "$(TARGET_NAME)";
				TEST_TARGET_NAME = VideoAndPic;
			};
			name = Debug;
		};
		4CE814AC1E7A90EC0044432D /* Release */ = {
			isa = XCBuildConfiguration;
			buildSettings = {
				DEVELOPMENT_TEAM = AMSRDVPGHY;
				INFOPLIST_FILE = VideoAndPicUITests/Info.plist;
				LD_RUNPATH_SEARCH_PATHS = "$(inherited) @executable_path/Frameworks @loader_path/Frameworks";
				PRODUCT_BUNDLE_IDENTIFIER = com.weicaoshou.VideoAndPicUITests;
				PRODUCT_NAME = "$(TARGET_NAME)";
				TEST_TARGET_NAME = VideoAndPic;
			};
			name = Release;
		};
/* End XCBuildConfiguration section */

/* Begin XCConfigurationList section */
		4CE814721E7A90EC0044432D /* Build configuration list for PBXProject "VideoAndPic" */ = {
			isa = XCConfigurationList;
			buildConfigurations = (
				4CE814A21E7A90EC0044432D /* Debug */,
				4CE814A31E7A90EC0044432D /* Release */,
			);
			defaultConfigurationIsVisible = 0;
			defaultConfigurationName = Release;
		};
		4CE814A41E7A90EC0044432D /* Build configuration list for PBXNativeTarget "VideoAndPic" */ = {
			isa = XCConfigurationList;
			buildConfigurations = (
				4CE814A51E7A90EC0044432D /* Debug */,
				4CE814A61E7A90EC0044432D /* Release */,
			);
			defaultConfigurationIsVisible = 0;
			defaultConfigurationName = Release;
		};
		4CE814A71E7A90EC0044432D /* Build configuration list for PBXNativeTarget "VideoAndPicTests" */ = {
			isa = XCConfigurationList;
			buildConfigurations = (
				4CE814A81E7A90EC0044432D /* Debug */,
				4CE814A91E7A90EC0044432D /* Release */,
			);
			defaultConfigurationIsVisible = 0;
			defaultConfigurationName = Release;
		};
		4CE814AA1E7A90EC0044432D /* Build configuration list for PBXNativeTarget "VideoAndPicUITests" */ = {
			isa = XCConfigurationList;
			buildConfigurations = (
				4CE814AB1E7A90EC0044432D /* Debug */,
				4CE814AC1E7A90EC0044432D /* Release */,
			);
			defaultConfigurationIsVisible = 0;
			defaultConfigurationName = Release;
		};
/* End XCConfigurationList section */
	};
	rootObject = 4CE8146F1E7A90EC0044432D /* Project object */;
}
